
Microsoft Visual Studio Solution File, Format Version 12.00
# Visual Studio Version 16
VisualStudioVersion = 16.0.30907.101
MinimumVisualStudioVersion = 10.0.40219.1
Project("{FAE04EC0-301F-11D3-BF4B-00C04F79EFBC}") = "MarsRoverSample.Domain", "MarsRoverSample.Domain\MarsRoverSample.Domain.csproj", "{D3E280C5-5D06-435B-926F-68862BECEEDF}"
EndProject
Global
	GlobalSection(SolutionConfigurationPlatforms) = preSolution
		Debug|Any CPU = Debug|Any CPU
		Release|Any CPU = Release|Any CPU
	EndGlobalSection
	GlobalSection(ProjectConfigurationPlatforms) = postSolution
		{D3E280C5-5D06-435B-926F-68862BECEEDF}.Debug|Any CPU.ActiveCfg = Debug|Any CPU
		{D3E280C5-5D06-435B-926F-68862BECEEDF}.Debug|Any CPU.Build.0 = Debug|Any CPU
		{D3E280C5-5D06-435B-926F-68862BECEEDF}.Release|Any CPU.ActiveCfg = Release|Any CPU
		{D3E280C5-5D06-435B-926F-68862BECEEDF}.Release|Any CPU.Build.0 = Release|Any CPU
	EndGlobalSection
	GlobalSection(SolutionProperties) = preSolution
		HideSolutionNode = FALSE
	EndGlobalSection
	GlobalSection(ExtensibilityGlobals) = postSolution
		SolutionGuid = {394AA2EA-C5F1-41DF-934D-AF9A10B700C3}
	EndGlobalSection
EndGlobal
