
Microsoft Visual Studio Solution File, Format Version 12.00
# Visual Studio Version 16
VisualStudioVersion = 16.0.30907.101
MinimumVisualStudioVersion = 10.0.40219.1
Project("{9A19103F-16F7-4668-BE54-9A1E7A4F7556}") = "MarsRoverSample.Domain", "projects\MarsRoverSample.Domain\MarsRoverSample.Domain.csproj", "{D3E280C5-5D06-435B-926F-68862BECEEDF}"
EndProject
Project("{2150E333-8FDC-42A3-9474-1A3956D46DE8}") = "projects", "projects", "{2E5DA61D-9FA0-4259-8657-62E9C6572739}"
EndProject
Project("{2150E333-8FDC-42A3-9474-1A3956D46DE8}") = "tests", "tests", "{B4850477-2D5C-4FB0-B80F-2EDF6AE7A0E3}"
EndProject
Project("{9A19103F-16F7-4668-BE54-9A1E7A4F7556}") = "MarsRoverSample.ConsoleApp", "projects\MarsRoverSample.ConsoleApp\MarsRoverSample.ConsoleApp.csproj", "{9ADED7A3-9F80-45D2-A336-CA416B955929}"
EndProject
Project("{FAE04EC0-301F-11D3-BF4B-00C04F79EFBC}") = "MarsRoverSample.Infrastructure", "projects\MarsRoverSample.Infrastructure\MarsRoverSample.Infrastructure.csproj", "{B5EE6BEB-3833-4E7B-8E7B-7841AD503EEF}"
EndProject
Project("{2150E333-8FDC-42A3-9474-1A3956D46DE8}") = "10-Infrastructure", "10-Infrastructure", "{6EB58505-E937-4F06-87B7-721C5F002579}"
EndProject
Project("{2150E333-8FDC-42A3-9474-1A3956D46DE8}") = "20-Domain", "20-Domain", "{8E21E654-585F-42CC-AB95-97E36B8085E0}"
EndProject
Project("{2150E333-8FDC-42A3-9474-1A3956D46DE8}") = "30-Presenstation", "30-Presenstation", "{30E499E6-0730-4F43-B715-1C88ACC59384}"
EndProject
Project("{FAE04EC0-301F-11D3-BF4B-00C04F79EFBC}") = "MarsRoverSample.UnitTests", "tests\MarsRoverSample.UnitTests\MarsRoverSample.UnitTests.csproj", "{3F28110C-63F0-4BD2-962C-DDECEF825FFD}"
EndProject
Global
	GlobalSection(SolutionConfigurationPlatforms) = preSolution
		Debug|Any CPU = Debug|Any CPU
		Release|Any CPU = Release|Any CPU
	EndGlobalSection
	GlobalSection(ProjectConfigurationPlatforms) = postSolution
		{D3E280C5-5D06-435B-926F-68862BECEEDF}.Debug|Any CPU.ActiveCfg = Debug|Any CPU
		{D3E280C5-5D06-435B-926F-68862BECEEDF}.Debug|Any CPU.Build.0 = Debug|Any CPU
		{D3E280C5-5D06-435B-926F-68862BECEEDF}.Release|Any CPU.ActiveCfg = Release|Any CPU
		{D3E280C5-5D06-435B-926F-68862BECEEDF}.Release|Any CPU.Build.0 = Release|Any CPU
		{9ADED7A3-9F80-45D2-A336-CA416B955929}.Debug|Any CPU.ActiveCfg = Debug|Any CPU
		{9ADED7A3-9F80-45D2-A336-CA416B955929}.Debug|Any CPU.Build.0 = Debug|Any CPU
		{9ADED7A3-9F80-45D2-A336-CA416B955929}.Release|Any CPU.ActiveCfg = Release|Any CPU
		{9ADED7A3-9F80-45D2-A336-CA416B955929}.Release|Any CPU.Build.0 = Release|Any CPU
		{B5EE6BEB-3833-4E7B-8E7B-7841AD503EEF}.Debug|Any CPU.ActiveCfg = Debug|Any CPU
		{B5EE6BEB-3833-4E7B-8E7B-7841AD503EEF}.Debug|Any CPU.Build.0 = Debug|Any CPU
		{B5EE6BEB-3833-4E7B-8E7B-7841AD503EEF}.Release|Any CPU.ActiveCfg = Release|Any CPU
		{B5EE6BEB-3833-4E7B-8E7B-7841AD503EEF}.Release|Any CPU.Build.0 = Release|Any CPU
		{3F28110C-63F0-4BD2-962C-DDECEF825FFD}.Debug|Any CPU.ActiveCfg = Debug|Any CPU
		{3F28110C-63F0-4BD2-962C-DDECEF825FFD}.Debug|Any CPU.Build.0 = Debug|Any CPU
		{3F28110C-63F0-4BD2-962C-DDECEF825FFD}.Release|Any CPU.ActiveCfg = Release|Any CPU
		{3F28110C-63F0-4BD2-962C-DDECEF825FFD}.Release|Any CPU.Build.0 = Release|Any CPU
	EndGlobalSection
	GlobalSection(SolutionProperties) = preSolution
		HideSolutionNode = FALSE
	EndGlobalSection
	GlobalSection(NestedProjects) = preSolution
		{D3E280C5-5D06-435B-926F-68862BECEEDF} = {8E21E654-585F-42CC-AB95-97E36B8085E0}
		{9ADED7A3-9F80-45D2-A336-CA416B955929} = {30E499E6-0730-4F43-B715-1C88ACC59384}
		{B5EE6BEB-3833-4E7B-8E7B-7841AD503EEF} = {6EB58505-E937-4F06-87B7-721C5F002579}
		{6EB58505-E937-4F06-87B7-721C5F002579} = {2E5DA61D-9FA0-4259-8657-62E9C6572739}
		{8E21E654-585F-42CC-AB95-97E36B8085E0} = {2E5DA61D-9FA0-4259-8657-62E9C6572739}
		{30E499E6-0730-4F43-B715-1C88ACC59384} = {2E5DA61D-9FA0-4259-8657-62E9C6572739}
		{3F28110C-63F0-4BD2-962C-DDECEF825FFD} = {B4850477-2D5C-4FB0-B80F-2EDF6AE7A0E3}
	EndGlobalSection
	GlobalSection(ExtensibilityGlobals) = postSolution
		SolutionGuid = {394AA2EA-C5F1-41DF-934D-AF9A10B700C3}
	EndGlobalSection
EndGlobal
